
Microsoft Visual Studio Solution File, Format Version 12.00
# Visual Studio 2012
Project("{FAE04EC0-301F-11D3-BF4B-00C04F79EFBC}") = "Orbit", "Orbit\Orbit.csproj", "{2CC42936-436D-4E02-BCE2-4568D4E870CC}"
EndProject
Project("{FAE04EC0-301F-11D3-BF4B-00C04F79EFBC}") = "Orbit.Tests", "Orbit.Tests\Orbit.Tests.csproj", "{97FC04D1-BBB8-48F4-B119-8AAEDF7A1FEA}"
EndProject
Project("{2150E333-8FDC-42A3-9474-1A3956D46DE8}") = ".nuget", ".nuget", "{E24F938E-34C8-4CF8-956C-69990448458E}"
	ProjectSection(SolutionItems) = preProject
		.nuget\NuGet.Config = .nuget\NuGet.Config
		.nuget\NuGet.exe = .nuget\NuGet.exe
		.nuget\NuGet.targets = .nuget\NuGet.targets
	EndProjectSection
EndProject
Global
	GlobalSection(SolutionConfigurationPlatforms) = preSolution
		Debug|Any CPU = Debug|Any CPU
		Release|Any CPU = Release|Any CPU
	EndGlobalSection
	GlobalSection(ProjectConfigurationPlatforms) = postSolution
		{2CC42936-436D-4E02-BCE2-4568D4E870CC}.Debug|Any CPU.ActiveCfg = Debug|Any CPU
		{2CC42936-436D-4E02-BCE2-4568D4E870CC}.Debug|Any CPU.Build.0 = Debug|Any CPU
		{2CC42936-436D-4E02-BCE2-4568D4E870CC}.Release|Any CPU.ActiveCfg = Release|Any CPU
		{2CC42936-436D-4E02-BCE2-4568D4E870CC}.Release|Any CPU.Build.0 = Release|Any CPU
		{97FC04D1-BBB8-48F4-B119-8AAEDF7A1FEA}.Debug|Any CPU.ActiveCfg = Debug|Any CPU
		{97FC04D1-BBB8-48F4-B119-8AAEDF7A1FEA}.Debug|Any CPU.Build.0 = Debug|Any CPU
		{97FC04D1-BBB8-48F4-B119-8AAEDF7A1FEA}.Release|Any CPU.ActiveCfg = Release|Any CPU
		{97FC04D1-BBB8-48F4-B119-8AAEDF7A1FEA}.Release|Any CPU.Build.0 = Release|Any CPU
	EndGlobalSection
	GlobalSection(SolutionProperties) = preSolution
		HideSolutionNode = FALSE
	EndGlobalSection
EndGlobal
