
Microsoft Visual Studio Solution File, Format Version 12.00
# Visual Studio 15
VisualStudioVersion = 15.0.26430.14
MinimumVisualStudioVersion = 10.0.40219.1
Project("{FAE04EC0-301F-11D3-BF4B-00C04F79EFBC}") = "Orbit", "Orbit\Orbit.csproj", "{2CC42936-436D-4E02-BCE2-4568D4E870CC}"
EndProject
Project("{FAE04EC0-301F-11D3-BF4B-00C04F79EFBC}") = "Orbit.Tests", "Orbit.Tests\Orbit.Tests.csproj", "{97FC04D1-BBB8-48F4-B119-8AAEDF7A1FEA}"
EndProject
Project("{FAE04EC0-301F-11D3-BF4B-00C04F79EFBC}") = "Orbit.Example", "Orbit.Example\Orbit.Example.csproj", "{E0A5E6F7-306B-4775-B2AA-372420C26162}"
EndProject
Global
	GlobalSection(SolutionConfigurationPlatforms) = preSolution
		Debug|Any CPU = Debug|Any CPU
		Release|Any CPU = Release|Any CPU
	EndGlobalSection
	GlobalSection(ProjectConfigurationPlatforms) = postSolution
		{2CC42936-436D-4E02-BCE2-4568D4E870CC}.Debug|Any CPU.ActiveCfg = Debug|Any CPU
		{2CC42936-436D-4E02-BCE2-4568D4E870CC}.Debug|Any CPU.Build.0 = Debug|Any CPU
		{2CC42936-436D-4E02-BCE2-4568D4E870CC}.Release|Any CPU.ActiveCfg = Release|Any CPU
		{2CC42936-436D-4E02-BCE2-4568D4E870CC}.Release|Any CPU.Build.0 = Release|Any CPU
		{97FC04D1-BBB8-48F4-B119-8AAEDF7A1FEA}.Debug|Any CPU.ActiveCfg = Debug|Any CPU
		{97FC04D1-BBB8-48F4-B119-8AAEDF7A1FEA}.Debug|Any CPU.Build.0 = Debug|Any CPU
		{97FC04D1-BBB8-48F4-B119-8AAEDF7A1FEA}.Release|Any CPU.ActiveCfg = Release|Any CPU
		{97FC04D1-BBB8-48F4-B119-8AAEDF7A1FEA}.Release|Any CPU.Build.0 = Release|Any CPU
		{E0A5E6F7-306B-4775-B2AA-372420C26162}.Debug|Any CPU.ActiveCfg = Debug|Any CPU
		{E0A5E6F7-306B-4775-B2AA-372420C26162}.Debug|Any CPU.Build.0 = Debug|Any CPU
		{E0A5E6F7-306B-4775-B2AA-372420C26162}.Release|Any CPU.ActiveCfg = Release|Any CPU
		{E0A5E6F7-306B-4775-B2AA-372420C26162}.Release|Any CPU.Build.0 = Release|Any CPU
	EndGlobalSection
	GlobalSection(SolutionProperties) = preSolution
		HideSolutionNode = FALSE
	EndGlobalSection
EndGlobal
